
Microsoft Visual Studio Solution File, Format Version 12.00
# Visual Studio Version 16
VisualStudioVersion = 16.0.29001.49
MinimumVisualStudioVersion = 10.0.40219.1
Project("{888888A0-9F3D-457C-B088-3A5042F75D52}") = "VivoChallenge", "VivoChallenge\VivoChallenge.pyproj", "{7A91FEEF-2B3D-40A7-951E-81CB914D67FD}"
EndProject
Global
	GlobalSection(SolutionConfigurationPlatforms) = preSolution
		Debug|Any CPU = Debug|Any CPU
		Release|Any CPU = Release|Any CPU
	EndGlobalSection
	GlobalSection(ProjectConfigurationPlatforms) = postSolution
		{7A91FEEF-2B3D-40A7-951E-81CB914D67FD}.Debug|Any CPU.ActiveCfg = Debug|Any CPU
		{7A91FEEF-2B3D-40A7-951E-81CB914D67FD}.Debug|Any CPU.Build.0 = Debug|Any CPU
		{7A91FEEF-2B3D-40A7-951E-81CB914D67FD}.Release|Any CPU.ActiveCfg = Release|Any CPU
		{7A91FEEF-2B3D-40A7-951E-81CB914D67FD}.Release|Any CPU.Build.0 = Release|Any CPU
	EndGlobalSection
	GlobalSection(SolutionProperties) = preSolution
		HideSolutionNode = FALSE
	EndGlobalSection
	GlobalSection(ExtensibilityGlobals) = postSolution
		SolutionGuid = {0D9CAF24-87E2-4327-9F42-623F82210A8D}
	EndGlobalSection
EndGlobal
